
Microsoft Visual Studio Solution File, Format Version 12.00
# Visual Studio Version 17
VisualStudioVersion = 17.7.34221.43
MinimumVisualStudioVersion = 10.0.40219.1
Project("{2150E333-8FDC-42A3-9474-1A3956D46DE8}") = "Lib", "Lib", "{022BF3BB-8F86-4E44-8EB3-9A0548D656DF}"
EndProject
Project("{2150E333-8FDC-42A3-9474-1A3956D46DE8}") = "Projects", "Projects", "{5B44C49F-CBBB-4D8D-A9FF-67785970BE73}"
EndProject
Project("{2150E333-8FDC-42A3-9474-1A3956D46DE8}") = "Tools", "Tools", "{0F503235-72B1-416F-84CE-C26F1AC2EAF1}"
EndProject
Project("{8BC9CEB8-8B4A-11D0-8D11-00A0C91BC942}") = "ImguiLib", "Projects\ImguiLib\ImguiLib.vcxproj", "{A747ECC1-3785-4E9E-90C7-816181422FC2}"
EndProject
Project("{8BC9CEB8-8B4A-11D0-8D11-00A0C91BC942}") = "EngineLib", "Projects\EngineLib\EngineLib.vcxproj", "{BEB44029-16EB-44E8-91B6-AF8B3208E491}"
EndProject
Project("{8BC9CEB8-8B4A-11D0-8D11-00A0C91BC942}") = "Sample", "Projects\Sample\Sample.vcxproj", "{28EF6C1F-8A62-48FC-8B2D-9BC0FDDF362C}"
EndProject
Project("{2150E333-8FDC-42A3-9474-1A3956D46DE8}") = "Samples", "Samples", "{08C4202D-61E5-4D95-BB5F-246F80C37718}"
EndProject
Project("{2150E333-8FDC-42A3-9474-1A3956D46DE8}") = "Implementation", "Implementation", "{72070B66-C377-489C-A9DF-42514021721D}"
EndProject
Project("{8BC9CEB8-8B4A-11D0-8D11-00A0C91BC942}") = "Rectangle", "Projects\Rectangle\Rectangle.vcxproj", "{334828E0-B26B-4BFA-89E8-A59E0C9CE4E8}"
EndProject
Project("{8BC9CEB8-8B4A-11D0-8D11-00A0C91BC942}") = "ConstantBuffer", "Projects\ConstantBuffer\ConstantBuffer.vcxproj", "{8FDFC2CF-B1B6-45DD-AF46-0DB2AA1E0B2D}"
EndProject
Project("{2150E333-8FDC-42A3-9474-1A3956D46DE8}") = "Core", "Core", "{74E4A319-E4D7-4488-B209-70EE216B8CC6}"
EndProject
Project("{8BC9CEB8-8B4A-11D0-8D11-00A0C91BC942}") = "Engine", "Projects\Engine\Engine.vcxproj", "{94270998-9313-4870-B94B-B80530A07895}"
EndProject
Project("{8BC9CEB8-8B4A-11D0-8D11-00A0C91BC942}") = "Camera", "Projects\Camera\Camera.vcxproj", "{235A96C3-2864-406E-902C-9227C14685CF}"
EndProject
Project("{8BC9CEB8-8B4A-11D0-8D11-00A0C91BC942}") = "Texture", "Projects\Texture\Texture.vcxproj", "{664F0766-F9E5-4183-BB06-B80B7E10B95F}"
EndProject
Global
	GlobalSection(SolutionConfigurationPlatforms) = preSolution
		Debug|x64 = Debug|x64
		Debug|x86 = Debug|x86
		Release|x64 = Release|x64
		Release|x86 = Release|x86
	EndGlobalSection
	GlobalSection(ProjectConfigurationPlatforms) = postSolution
		{A747ECC1-3785-4E9E-90C7-816181422FC2}.Debug|x64.ActiveCfg = Debug|x64
		{A747ECC1-3785-4E9E-90C7-816181422FC2}.Debug|x64.Build.0 = Debug|x64
		{A747ECC1-3785-4E9E-90C7-816181422FC2}.Debug|x86.ActiveCfg = Debug|Win32
		{A747ECC1-3785-4E9E-90C7-816181422FC2}.Debug|x86.Build.0 = Debug|Win32
		{A747ECC1-3785-4E9E-90C7-816181422FC2}.Release|x64.ActiveCfg = Release|x64
		{A747ECC1-3785-4E9E-90C7-816181422FC2}.Release|x64.Build.0 = Release|x64
		{A747ECC1-3785-4E9E-90C7-816181422FC2}.Release|x86.ActiveCfg = Release|Win32
		{A747ECC1-3785-4E9E-90C7-816181422FC2}.Release|x86.Build.0 = Release|Win32
		{BEB44029-16EB-44E8-91B6-AF8B3208E491}.Debug|x64.ActiveCfg = Debug|x64
		{BEB44029-16EB-44E8-91B6-AF8B3208E491}.Debug|x64.Build.0 = Debug|x64
		{BEB44029-16EB-44E8-91B6-AF8B3208E491}.Debug|x86.ActiveCfg = Debug|Win32
		{BEB44029-16EB-44E8-91B6-AF8B3208E491}.Debug|x86.Build.0 = Debug|Win32
		{BEB44029-16EB-44E8-91B6-AF8B3208E491}.Release|x64.ActiveCfg = Release|x64
		{BEB44029-16EB-44E8-91B6-AF8B3208E491}.Release|x64.Build.0 = Release|x64
		{BEB44029-16EB-44E8-91B6-AF8B3208E491}.Release|x86.ActiveCfg = Release|Win32
		{BEB44029-16EB-44E8-91B6-AF8B3208E491}.Release|x86.Build.0 = Release|Win32
		{28EF6C1F-8A62-48FC-8B2D-9BC0FDDF362C}.Debug|x64.ActiveCfg = Debug|x64
		{28EF6C1F-8A62-48FC-8B2D-9BC0FDDF362C}.Debug|x64.Build.0 = Debug|x64
		{28EF6C1F-8A62-48FC-8B2D-9BC0FDDF362C}.Debug|x86.ActiveCfg = Debug|Win32
		{28EF6C1F-8A62-48FC-8B2D-9BC0FDDF362C}.Debug|x86.Build.0 = Debug|Win32
		{28EF6C1F-8A62-48FC-8B2D-9BC0FDDF362C}.Release|x64.ActiveCfg = Release|x64
		{28EF6C1F-8A62-48FC-8B2D-9BC0FDDF362C}.Release|x64.Build.0 = Release|x64
		{28EF6C1F-8A62-48FC-8B2D-9BC0FDDF362C}.Release|x86.ActiveCfg = Release|Win32
		{28EF6C1F-8A62-48FC-8B2D-9BC0FDDF362C}.Release|x86.Build.0 = Release|Win32
		{334828E0-B26B-4BFA-89E8-A59E0C9CE4E8}.Debug|x64.ActiveCfg = Debug|x64
		{334828E0-B26B-4BFA-89E8-A59E0C9CE4E8}.Debug|x64.Build.0 = Debug|x64
		{334828E0-B26B-4BFA-89E8-A59E0C9CE4E8}.Debug|x86.ActiveCfg = Debug|Win32
		{334828E0-B26B-4BFA-89E8-A59E0C9CE4E8}.Debug|x86.Build.0 = Debug|Win32
		{334828E0-B26B-4BFA-89E8-A59E0C9CE4E8}.Release|x64.ActiveCfg = Release|x64
		{334828E0-B26B-4BFA-89E8-A59E0C9CE4E8}.Release|x64.Build.0 = Release|x64
		{334828E0-B26B-4BFA-89E8-A59E0C9CE4E8}.Release|x86.ActiveCfg = Release|Win32
		{334828E0-B26B-4BFA-89E8-A59E0C9CE4E8}.Release|x86.Build.0 = Release|Win32
		{8FDFC2CF-B1B6-45DD-AF46-0DB2AA1E0B2D}.Debug|x64.ActiveCfg = Debug|x64
		{8FDFC2CF-B1B6-45DD-AF46-0DB2AA1E0B2D}.Debug|x64.Build.0 = Debug|x64
		{8FDFC2CF-B1B6-45DD-AF46-0DB2AA1E0B2D}.Debug|x86.ActiveCfg = Debug|Win32
		{8FDFC2CF-B1B6-45DD-AF46-0DB2AA1E0B2D}.Debug|x86.Build.0 = Debug|Win32
		{8FDFC2CF-B1B6-45DD-AF46-0DB2AA1E0B2D}.Release|x64.ActiveCfg = Release|x64
		{8FDFC2CF-B1B6-45DD-AF46-0DB2AA1E0B2D}.Release|x64.Build.0 = Release|x64
		{8FDFC2CF-B1B6-45DD-AF46-0DB2AA1E0B2D}.Release|x86.ActiveCfg = Release|Win32
		{8FDFC2CF-B1B6-45DD-AF46-0DB2AA1E0B2D}.Release|x86.Build.0 = Release|Win32
		{94270998-9313-4870-B94B-B80530A07895}.Debug|x64.ActiveCfg = Debug|x64
		{94270998-9313-4870-B94B-B80530A07895}.Debug|x64.Build.0 = Debug|x64
		{94270998-9313-4870-B94B-B80530A07895}.Debug|x86.ActiveCfg = Debug|Win32
		{94270998-9313-4870-B94B-B80530A07895}.Debug|x86.Build.0 = Debug|Win32
		{94270998-9313-4870-B94B-B80530A07895}.Release|x64.ActiveCfg = Release|x64
		{94270998-9313-4870-B94B-B80530A07895}.Release|x64.Build.0 = Release|x64
		{94270998-9313-4870-B94B-B80530A07895}.Release|x86.ActiveCfg = Release|Win32
		{94270998-9313-4870-B94B-B80530A07895}.Release|x86.Build.0 = Release|Win32
		{235A96C3-2864-406E-902C-9227C14685CF}.Debug|x64.ActiveCfg = Debug|x64
		{235A96C3-2864-406E-902C-9227C14685CF}.Debug|x64.Build.0 = Debug|x64
		{235A96C3-2864-406E-902C-9227C14685CF}.Debug|x86.ActiveCfg = Debug|Win32
		{235A96C3-2864-406E-902C-9227C14685CF}.Debug|x86.Build.0 = Debug|Win32
		{235A96C3-2864-406E-902C-9227C14685CF}.Release|x64.ActiveCfg = Release|x64
		{235A96C3-2864-406E-902C-9227C14685CF}.Release|x64.Build.0 = Release|x64
		{235A96C3-2864-406E-902C-9227C14685CF}.Release|x86.ActiveCfg = Release|Win32
		{235A96C3-2864-406E-902C-9227C14685CF}.Release|x86.Build.0 = Release|Win32
		{664F0766-F9E5-4183-BB06-B80B7E10B95F}.Debug|x64.ActiveCfg = Debug|x64
		{664F0766-F9E5-4183-BB06-B80B7E10B95F}.Debug|x64.Build.0 = Debug|x64
		{664F0766-F9E5-4183-BB06-B80B7E10B95F}.Debug|x86.ActiveCfg = Debug|Win32
		{664F0766-F9E5-4183-BB06-B80B7E10B95F}.Debug|x86.Build.0 = Debug|Win32
		{664F0766-F9E5-4183-BB06-B80B7E10B95F}.Release|x64.ActiveCfg = Release|x64
		{664F0766-F9E5-4183-BB06-B80B7E10B95F}.Release|x64.Build.0 = Release|x64
		{664F0766-F9E5-4183-BB06-B80B7E10B95F}.Release|x86.ActiveCfg = Release|Win32
		{664F0766-F9E5-4183-BB06-B80B7E10B95F}.Release|x86.Build.0 = Release|Win32
	EndGlobalSection
	GlobalSection(SolutionProperties) = preSolution
		HideSolutionNode = FALSE
	EndGlobalSection
	GlobalSection(NestedProjects) = preSolution
		{A747ECC1-3785-4E9E-90C7-816181422FC2} = {022BF3BB-8F86-4E44-8EB3-9A0548D656DF}
		{BEB44029-16EB-44E8-91B6-AF8B3208E491} = {022BF3BB-8F86-4E44-8EB3-9A0548D656DF}
		{28EF6C1F-8A62-48FC-8B2D-9BC0FDDF362C} = {08C4202D-61E5-4D95-BB5F-246F80C37718}
		{08C4202D-61E5-4D95-BB5F-246F80C37718} = {5B44C49F-CBBB-4D8D-A9FF-67785970BE73}
		{72070B66-C377-489C-A9DF-42514021721D} = {5B44C49F-CBBB-4D8D-A9FF-67785970BE73}
		{334828E0-B26B-4BFA-89E8-A59E0C9CE4E8} = {08C4202D-61E5-4D95-BB5F-246F80C37718}
		{8FDFC2CF-B1B6-45DD-AF46-0DB2AA1E0B2D} = {08C4202D-61E5-4D95-BB5F-246F80C37718}
		{94270998-9313-4870-B94B-B80530A07895} = {74E4A319-E4D7-4488-B209-70EE216B8CC6}
		{235A96C3-2864-406E-902C-9227C14685CF} = {08C4202D-61E5-4D95-BB5F-246F80C37718}
		{664F0766-F9E5-4183-BB06-B80B7E10B95F} = {08C4202D-61E5-4D95-BB5F-246F80C37718}
	EndGlobalSection
	GlobalSection(ExtensibilityGlobals) = postSolution
		SolutionGuid = {4983060C-B398-4026-85DA-0E060E22D851}
	EndGlobalSection
EndGlobal
