
Microsoft Visual Studio Solution File, Format Version 12.00
# Visual Studio Version 17
VisualStudioVersion = 17.7.34221.43
MinimumVisualStudioVersion = 10.0.40219.1
Project("{2150E333-8FDC-42A3-9474-1A3956D46DE8}") = "Lib", "Lib", "{022BF3BB-8F86-4E44-8EB3-9A0548D656DF}"
EndProject
Project("{2150E333-8FDC-42A3-9474-1A3956D46DE8}") = "Projects", "Projects", "{5B44C49F-CBBB-4D8D-A9FF-67785970BE73}"
EndProject
Project("{2150E333-8FDC-42A3-9474-1A3956D46DE8}") = "Tools", "Tools", "{0F503235-72B1-416F-84CE-C26F1AC2EAF1}"
EndProject
Project("{8BC9CEB8-8B4A-11D0-8D11-00A0C91BC942}") = "ImguiLib", "Projects\ImguiLib\ImguiLib.vcxproj", "{A747ECC1-3785-4E9E-90C7-816181422FC2}"
EndProject
Project("{8BC9CEB8-8B4A-11D0-8D11-00A0C91BC942}") = "EngineLib", "Projects\EngineLib\EngineLib.vcxproj", "{BEB44029-16EB-44E8-91B6-AF8B3208E491}"
EndProject
Project("{8BC9CEB8-8B4A-11D0-8D11-00A0C91BC942}") = "Engine", "Projects\Engine\Engine.vcxproj", "{94270998-9313-4870-B94B-B80530A07895}"
EndProject
Project("{8BC9CEB8-8B4A-11D0-8D11-00A0C91BC942}") = "Test", "Projects\Test\Test.vcxproj", "{28EF6C1F-8A62-48FC-8B2D-9BC0FDDF362C}"
EndProject
Global
	GlobalSection(SolutionConfigurationPlatforms) = preSolution
		Debug|x64 = Debug|x64
		Debug|x86 = Debug|x86
		Release|x64 = Release|x64
		Release|x86 = Release|x86
	EndGlobalSection
	GlobalSection(ProjectConfigurationPlatforms) = postSolution
		{A747ECC1-3785-4E9E-90C7-816181422FC2}.Debug|x64.ActiveCfg = Debug|x64
		{A747ECC1-3785-4E9E-90C7-816181422FC2}.Debug|x64.Build.0 = Debug|x64
		{A747ECC1-3785-4E9E-90C7-816181422FC2}.Debug|x86.ActiveCfg = Debug|Win32
		{A747ECC1-3785-4E9E-90C7-816181422FC2}.Debug|x86.Build.0 = Debug|Win32
		{A747ECC1-3785-4E9E-90C7-816181422FC2}.Release|x64.ActiveCfg = Release|x64
		{A747ECC1-3785-4E9E-90C7-816181422FC2}.Release|x64.Build.0 = Release|x64
		{A747ECC1-3785-4E9E-90C7-816181422FC2}.Release|x86.ActiveCfg = Release|Win32
		{A747ECC1-3785-4E9E-90C7-816181422FC2}.Release|x86.Build.0 = Release|Win32
		{BEB44029-16EB-44E8-91B6-AF8B3208E491}.Debug|x64.ActiveCfg = Debug|x64
		{BEB44029-16EB-44E8-91B6-AF8B3208E491}.Debug|x64.Build.0 = Debug|x64
		{BEB44029-16EB-44E8-91B6-AF8B3208E491}.Debug|x86.ActiveCfg = Debug|Win32
		{BEB44029-16EB-44E8-91B6-AF8B3208E491}.Debug|x86.Build.0 = Debug|Win32
		{BEB44029-16EB-44E8-91B6-AF8B3208E491}.Release|x64.ActiveCfg = Release|x64
		{BEB44029-16EB-44E8-91B6-AF8B3208E491}.Release|x64.Build.0 = Release|x64
		{BEB44029-16EB-44E8-91B6-AF8B3208E491}.Release|x86.ActiveCfg = Release|Win32
		{BEB44029-16EB-44E8-91B6-AF8B3208E491}.Release|x86.Build.0 = Release|Win32
		{94270998-9313-4870-B94B-B80530A07895}.Debug|x64.ActiveCfg = Debug|x64
		{94270998-9313-4870-B94B-B80530A07895}.Debug|x64.Build.0 = Debug|x64
		{94270998-9313-4870-B94B-B80530A07895}.Debug|x86.ActiveCfg = Debug|Win32
		{94270998-9313-4870-B94B-B80530A07895}.Debug|x86.Build.0 = Debug|Win32
		{94270998-9313-4870-B94B-B80530A07895}.Release|x64.ActiveCfg = Release|x64
		{94270998-9313-4870-B94B-B80530A07895}.Release|x64.Build.0 = Release|x64
		{94270998-9313-4870-B94B-B80530A07895}.Release|x86.ActiveCfg = Release|Win32
		{94270998-9313-4870-B94B-B80530A07895}.Release|x86.Build.0 = Release|Win32
		{28EF6C1F-8A62-48FC-8B2D-9BC0FDDF362C}.Debug|x64.ActiveCfg = Debug|x64
		{28EF6C1F-8A62-48FC-8B2D-9BC0FDDF362C}.Debug|x64.Build.0 = Debug|x64
		{28EF6C1F-8A62-48FC-8B2D-9BC0FDDF362C}.Debug|x86.ActiveCfg = Debug|Win32
		{28EF6C1F-8A62-48FC-8B2D-9BC0FDDF362C}.Debug|x86.Build.0 = Debug|Win32
		{28EF6C1F-8A62-48FC-8B2D-9BC0FDDF362C}.Release|x64.ActiveCfg = Release|x64
		{28EF6C1F-8A62-48FC-8B2D-9BC0FDDF362C}.Release|x64.Build.0 = Release|x64
		{28EF6C1F-8A62-48FC-8B2D-9BC0FDDF362C}.Release|x86.ActiveCfg = Release|Win32
		{28EF6C1F-8A62-48FC-8B2D-9BC0FDDF362C}.Release|x86.Build.0 = Release|Win32
	EndGlobalSection
	GlobalSection(SolutionProperties) = preSolution
		HideSolutionNode = FALSE
	EndGlobalSection
	GlobalSection(NestedProjects) = preSolution
		{A747ECC1-3785-4E9E-90C7-816181422FC2} = {022BF3BB-8F86-4E44-8EB3-9A0548D656DF}
		{BEB44029-16EB-44E8-91B6-AF8B3208E491} = {022BF3BB-8F86-4E44-8EB3-9A0548D656DF}
		{94270998-9313-4870-B94B-B80530A07895} = {022BF3BB-8F86-4E44-8EB3-9A0548D656DF}
		{28EF6C1F-8A62-48FC-8B2D-9BC0FDDF362C} = {5B44C49F-CBBB-4D8D-A9FF-67785970BE73}
	EndGlobalSection
	GlobalSection(ExtensibilityGlobals) = postSolution
		SolutionGuid = {4983060C-B398-4026-85DA-0E060E22D851}
	EndGlobalSection
EndGlobal
