
Microsoft Visual Studio Solution File, Format Version 12.00
# Visual Studio Version 17
VisualStudioVersion = 17.7.34221.43
MinimumVisualStudioVersion = 10.0.40219.1
Project("{2150E333-8FDC-42A3-9474-1A3956D46DE8}") = "Lib", "Lib", "{022BF3BB-8F86-4E44-8EB3-9A0548D656DF}"
EndProject
Project("{2150E333-8FDC-42A3-9474-1A3956D46DE8}") = "Projects", "Projects", "{5B44C49F-CBBB-4D8D-A9FF-67785970BE73}"
EndProject
Project("{2150E333-8FDC-42A3-9474-1A3956D46DE8}") = "Tools", "Tools", "{0F503235-72B1-416F-84CE-C26F1AC2EAF1}"
EndProject
Project("{8BC9CEB8-8B4A-11D0-8D11-00A0C91BC942}") = "ImguiLib", "Projects\ImguiLib\ImguiLib.vcxproj", "{A747ECC1-3785-4E9E-90C7-816181422FC2}"
EndProject
Project("{8BC9CEB8-8B4A-11D0-8D11-00A0C91BC942}") = "EngineLib", "Projects\EngineLib\EngineLib.vcxproj", "{BEB44029-16EB-44E8-91B6-AF8B3208E491}"
EndProject
Project("{2150E333-8FDC-42A3-9474-1A3956D46DE8}") = "Samples", "Samples", "{08C4202D-61E5-4D95-BB5F-246F80C37718}"
EndProject
Project("{2150E333-8FDC-42A3-9474-1A3956D46DE8}") = "Implementation", "Implementation", "{72070B66-C377-489C-A9DF-42514021721D}"
EndProject
Project("{2150E333-8FDC-42A3-9474-1A3956D46DE8}") = "Core", "Core", "{74E4A319-E4D7-4488-B209-70EE216B8CC6}"
EndProject
Project("{8BC9CEB8-8B4A-11D0-8D11-00A0C91BC942}") = "Camera", "Projects\Camera\Camera.vcxproj", "{235A96C3-2864-406E-902C-9227C14685CF}"
EndProject
Project("{8BC9CEB8-8B4A-11D0-8D11-00A0C91BC942}") = "Texture", "Projects\Texture\Texture.vcxproj", "{664F0766-F9E5-4183-BB06-B80B7E10B95F}"
EndProject
Project("{8BC9CEB8-8B4A-11D0-8D11-00A0C91BC942}") = "Shape", "Projects\Cube\Cube.vcxproj", "{02AEBB76-088D-450F-8B11-BC1B12C59166}"
EndProject
Project("{8BC9CEB8-8B4A-11D0-8D11-00A0C91BC942}") = "Sampling", "Projects\Sampling\Sampling.vcxproj", "{C26BF2C8-1C8F-48FB-87E3-C7CD2134CFA1}"
EndProject
Project("{2150E333-8FDC-42A3-9474-1A3956D46DE8}") = "Default", "Default", "{9DEC661C-6700-4510-AA38-7FCC7F130A00}"
EndProject
Project("{8BC9CEB8-8B4A-11D0-8D11-00A0C91BC942}") = "HeightMap", "Projects\HeightMap\HeightMap.vcxproj", "{26F31DFB-ABCB-4F03-A445-7D800897FEF6}"
EndProject
Project("{8BC9CEB8-8B4A-11D0-8D11-00A0C91BC942}") = "Normal", "Projects\Normal\Normal.vcxproj", "{7D0A9B73-27DD-4923-AD43-69B416E8329D}"
EndProject
Project("{8BC9CEB8-8B4A-11D0-8D11-00A0C91BC942}") = "Mesh", "Projects\Mesh\Mesh.vcxproj", "{40D14777-97B3-4A9A-9B75-4EE03C91FEB6}"
EndProject
Project("{2150E333-8FDC-42A3-9474-1A3956D46DE8}") = "Lighting", "Lighting", "{CEDFBFF4-074D-47F3-A125-37BBBED0D786}"
EndProject
Project("{8BC9CEB8-8B4A-11D0-8D11-00A0C91BC942}") = "GlobalShader", "Projects\GlobalShader\GlobalShader.vcxproj", "{28283ABA-CD21-4C0D-94F3-DC8E47355BCA}"
EndProject
Global
	GlobalSection(SolutionConfigurationPlatforms) = preSolution
		Debug|x64 = Debug|x64
		Debug|x86 = Debug|x86
		Release|x64 = Release|x64
		Release|x86 = Release|x86
	EndGlobalSection
	GlobalSection(ProjectConfigurationPlatforms) = postSolution
		{A747ECC1-3785-4E9E-90C7-816181422FC2}.Debug|x64.ActiveCfg = Debug|x64
		{A747ECC1-3785-4E9E-90C7-816181422FC2}.Debug|x64.Build.0 = Debug|x64
		{A747ECC1-3785-4E9E-90C7-816181422FC2}.Debug|x86.ActiveCfg = Debug|Win32
		{A747ECC1-3785-4E9E-90C7-816181422FC2}.Debug|x86.Build.0 = Debug|Win32
		{A747ECC1-3785-4E9E-90C7-816181422FC2}.Release|x64.ActiveCfg = Release|x64
		{A747ECC1-3785-4E9E-90C7-816181422FC2}.Release|x64.Build.0 = Release|x64
		{A747ECC1-3785-4E9E-90C7-816181422FC2}.Release|x86.ActiveCfg = Release|Win32
		{A747ECC1-3785-4E9E-90C7-816181422FC2}.Release|x86.Build.0 = Release|Win32
		{BEB44029-16EB-44E8-91B6-AF8B3208E491}.Debug|x64.ActiveCfg = Debug|x64
		{BEB44029-16EB-44E8-91B6-AF8B3208E491}.Debug|x64.Build.0 = Debug|x64
		{BEB44029-16EB-44E8-91B6-AF8B3208E491}.Debug|x86.ActiveCfg = Debug|Win32
		{BEB44029-16EB-44E8-91B6-AF8B3208E491}.Debug|x86.Build.0 = Debug|Win32
		{BEB44029-16EB-44E8-91B6-AF8B3208E491}.Release|x64.ActiveCfg = Release|x64
		{BEB44029-16EB-44E8-91B6-AF8B3208E491}.Release|x64.Build.0 = Release|x64
		{BEB44029-16EB-44E8-91B6-AF8B3208E491}.Release|x86.ActiveCfg = Release|Win32
		{BEB44029-16EB-44E8-91B6-AF8B3208E491}.Release|x86.Build.0 = Release|Win32
		{235A96C3-2864-406E-902C-9227C14685CF}.Debug|x64.ActiveCfg = Debug|x64
		{235A96C3-2864-406E-902C-9227C14685CF}.Debug|x64.Build.0 = Debug|x64
		{235A96C3-2864-406E-902C-9227C14685CF}.Debug|x86.ActiveCfg = Debug|Win32
		{235A96C3-2864-406E-902C-9227C14685CF}.Debug|x86.Build.0 = Debug|Win32
		{235A96C3-2864-406E-902C-9227C14685CF}.Release|x64.ActiveCfg = Release|x64
		{235A96C3-2864-406E-902C-9227C14685CF}.Release|x64.Build.0 = Release|x64
		{235A96C3-2864-406E-902C-9227C14685CF}.Release|x86.ActiveCfg = Release|Win32
		{235A96C3-2864-406E-902C-9227C14685CF}.Release|x86.Build.0 = Release|Win32
		{664F0766-F9E5-4183-BB06-B80B7E10B95F}.Debug|x64.ActiveCfg = Debug|x64
		{664F0766-F9E5-4183-BB06-B80B7E10B95F}.Debug|x64.Build.0 = Debug|x64
		{664F0766-F9E5-4183-BB06-B80B7E10B95F}.Debug|x86.ActiveCfg = Debug|Win32
		{664F0766-F9E5-4183-BB06-B80B7E10B95F}.Debug|x86.Build.0 = Debug|Win32
		{664F0766-F9E5-4183-BB06-B80B7E10B95F}.Release|x64.ActiveCfg = Release|x64
		{664F0766-F9E5-4183-BB06-B80B7E10B95F}.Release|x64.Build.0 = Release|x64
		{664F0766-F9E5-4183-BB06-B80B7E10B95F}.Release|x86.ActiveCfg = Release|Win32
		{664F0766-F9E5-4183-BB06-B80B7E10B95F}.Release|x86.Build.0 = Release|Win32
		{02AEBB76-088D-450F-8B11-BC1B12C59166}.Debug|x64.ActiveCfg = Debug|x64
		{02AEBB76-088D-450F-8B11-BC1B12C59166}.Debug|x64.Build.0 = Debug|x64
		{02AEBB76-088D-450F-8B11-BC1B12C59166}.Debug|x86.ActiveCfg = Debug|Win32
		{02AEBB76-088D-450F-8B11-BC1B12C59166}.Debug|x86.Build.0 = Debug|Win32
		{02AEBB76-088D-450F-8B11-BC1B12C59166}.Release|x64.ActiveCfg = Release|x64
		{02AEBB76-088D-450F-8B11-BC1B12C59166}.Release|x64.Build.0 = Release|x64
		{02AEBB76-088D-450F-8B11-BC1B12C59166}.Release|x86.ActiveCfg = Release|Win32
		{02AEBB76-088D-450F-8B11-BC1B12C59166}.Release|x86.Build.0 = Release|Win32
		{C26BF2C8-1C8F-48FB-87E3-C7CD2134CFA1}.Debug|x64.ActiveCfg = Debug|x64
		{C26BF2C8-1C8F-48FB-87E3-C7CD2134CFA1}.Debug|x64.Build.0 = Debug|x64
		{C26BF2C8-1C8F-48FB-87E3-C7CD2134CFA1}.Debug|x86.ActiveCfg = Debug|Win32
		{C26BF2C8-1C8F-48FB-87E3-C7CD2134CFA1}.Debug|x86.Build.0 = Debug|Win32
		{C26BF2C8-1C8F-48FB-87E3-C7CD2134CFA1}.Release|x64.ActiveCfg = Release|x64
		{C26BF2C8-1C8F-48FB-87E3-C7CD2134CFA1}.Release|x64.Build.0 = Release|x64
		{C26BF2C8-1C8F-48FB-87E3-C7CD2134CFA1}.Release|x86.ActiveCfg = Release|Win32
		{C26BF2C8-1C8F-48FB-87E3-C7CD2134CFA1}.Release|x86.Build.0 = Release|Win32
		{26F31DFB-ABCB-4F03-A445-7D800897FEF6}.Debug|x64.ActiveCfg = Debug|x64
		{26F31DFB-ABCB-4F03-A445-7D800897FEF6}.Debug|x64.Build.0 = Debug|x64
		{26F31DFB-ABCB-4F03-A445-7D800897FEF6}.Debug|x86.ActiveCfg = Debug|Win32
		{26F31DFB-ABCB-4F03-A445-7D800897FEF6}.Debug|x86.Build.0 = Debug|Win32
		{26F31DFB-ABCB-4F03-A445-7D800897FEF6}.Release|x64.ActiveCfg = Release|x64
		{26F31DFB-ABCB-4F03-A445-7D800897FEF6}.Release|x64.Build.0 = Release|x64
		{26F31DFB-ABCB-4F03-A445-7D800897FEF6}.Release|x86.ActiveCfg = Release|Win32
		{26F31DFB-ABCB-4F03-A445-7D800897FEF6}.Release|x86.Build.0 = Release|Win32
		{7D0A9B73-27DD-4923-AD43-69B416E8329D}.Debug|x64.ActiveCfg = Debug|x64
		{7D0A9B73-27DD-4923-AD43-69B416E8329D}.Debug|x64.Build.0 = Debug|x64
		{7D0A9B73-27DD-4923-AD43-69B416E8329D}.Debug|x86.ActiveCfg = Debug|Win32
		{7D0A9B73-27DD-4923-AD43-69B416E8329D}.Debug|x86.Build.0 = Debug|Win32
		{7D0A9B73-27DD-4923-AD43-69B416E8329D}.Release|x64.ActiveCfg = Release|x64
		{7D0A9B73-27DD-4923-AD43-69B416E8329D}.Release|x64.Build.0 = Release|x64
		{7D0A9B73-27DD-4923-AD43-69B416E8329D}.Release|x86.ActiveCfg = Release|Win32
		{7D0A9B73-27DD-4923-AD43-69B416E8329D}.Release|x86.Build.0 = Release|Win32
		{40D14777-97B3-4A9A-9B75-4EE03C91FEB6}.Debug|x64.ActiveCfg = Debug|x64
		{40D14777-97B3-4A9A-9B75-4EE03C91FEB6}.Debug|x64.Build.0 = Debug|x64
		{40D14777-97B3-4A9A-9B75-4EE03C91FEB6}.Debug|x86.ActiveCfg = Debug|Win32
		{40D14777-97B3-4A9A-9B75-4EE03C91FEB6}.Debug|x86.Build.0 = Debug|Win32
		{40D14777-97B3-4A9A-9B75-4EE03C91FEB6}.Release|x64.ActiveCfg = Release|x64
		{40D14777-97B3-4A9A-9B75-4EE03C91FEB6}.Release|x64.Build.0 = Release|x64
		{40D14777-97B3-4A9A-9B75-4EE03C91FEB6}.Release|x86.ActiveCfg = Release|Win32
		{40D14777-97B3-4A9A-9B75-4EE03C91FEB6}.Release|x86.Build.0 = Release|Win32
		{28283ABA-CD21-4C0D-94F3-DC8E47355BCA}.Debug|x64.ActiveCfg = Debug|x64
		{28283ABA-CD21-4C0D-94F3-DC8E47355BCA}.Debug|x64.Build.0 = Debug|x64
		{28283ABA-CD21-4C0D-94F3-DC8E47355BCA}.Debug|x86.ActiveCfg = Debug|Win32
		{28283ABA-CD21-4C0D-94F3-DC8E47355BCA}.Debug|x86.Build.0 = Debug|Win32
		{28283ABA-CD21-4C0D-94F3-DC8E47355BCA}.Release|x64.ActiveCfg = Release|x64
		{28283ABA-CD21-4C0D-94F3-DC8E47355BCA}.Release|x64.Build.0 = Release|x64
		{28283ABA-CD21-4C0D-94F3-DC8E47355BCA}.Release|x86.ActiveCfg = Release|Win32
		{28283ABA-CD21-4C0D-94F3-DC8E47355BCA}.Release|x86.Build.0 = Release|Win32
	EndGlobalSection
	GlobalSection(SolutionProperties) = preSolution
		HideSolutionNode = FALSE
	EndGlobalSection
	GlobalSection(NestedProjects) = preSolution
		{A747ECC1-3785-4E9E-90C7-816181422FC2} = {022BF3BB-8F86-4E44-8EB3-9A0548D656DF}
		{BEB44029-16EB-44E8-91B6-AF8B3208E491} = {022BF3BB-8F86-4E44-8EB3-9A0548D656DF}
		{08C4202D-61E5-4D95-BB5F-246F80C37718} = {5B44C49F-CBBB-4D8D-A9FF-67785970BE73}
		{72070B66-C377-489C-A9DF-42514021721D} = {5B44C49F-CBBB-4D8D-A9FF-67785970BE73}
		{235A96C3-2864-406E-902C-9227C14685CF} = {9DEC661C-6700-4510-AA38-7FCC7F130A00}
		{664F0766-F9E5-4183-BB06-B80B7E10B95F} = {9DEC661C-6700-4510-AA38-7FCC7F130A00}
		{02AEBB76-088D-450F-8B11-BC1B12C59166} = {9DEC661C-6700-4510-AA38-7FCC7F130A00}
		{C26BF2C8-1C8F-48FB-87E3-C7CD2134CFA1} = {9DEC661C-6700-4510-AA38-7FCC7F130A00}
		{9DEC661C-6700-4510-AA38-7FCC7F130A00} = {08C4202D-61E5-4D95-BB5F-246F80C37718}
		{26F31DFB-ABCB-4F03-A445-7D800897FEF6} = {9DEC661C-6700-4510-AA38-7FCC7F130A00}
		{7D0A9B73-27DD-4923-AD43-69B416E8329D} = {9DEC661C-6700-4510-AA38-7FCC7F130A00}
		{40D14777-97B3-4A9A-9B75-4EE03C91FEB6} = {9DEC661C-6700-4510-AA38-7FCC7F130A00}
		{CEDFBFF4-074D-47F3-A125-37BBBED0D786} = {08C4202D-61E5-4D95-BB5F-246F80C37718}
		{28283ABA-CD21-4C0D-94F3-DC8E47355BCA} = {CEDFBFF4-074D-47F3-A125-37BBBED0D786}
	EndGlobalSection
	GlobalSection(ExtensibilityGlobals) = postSolution
		SolutionGuid = {4983060C-B398-4026-85DA-0E060E22D851}
	EndGlobalSection
EndGlobal
