<?xml version="1.0" encoding="utf-8"?>
<Project ToolsVersion="4.0" xmlns="http://schemas.microsoft.com/developer/msbuild/2003">
  <ItemGroup>
    <Filter Include="소스 파일">
      <UniqueIdentifier>{4FC737F1-C7A5-4376-A066-2A32D752A2FF}</UniqueIdentifier>
      <Extensions>cpp;c;cc;cxx;c++;cppm;ixx;def;odl;idl;hpj;bat;asm;asmx</Extensions>
    </Filter>
    <Filter Include="리소스 파일">
      <UniqueIdentifier>{67DA6AB6-F800-4c08-8B7A-83BB121AAD01}</UniqueIdentifier>
      <Extensions>rc;ico;cur;bmp;dlg;rc2;rct;bin;rgs;gif;jpg;jpeg;jpe;resx;tiff;tif;png;wav;mfcribbon-ms</Extensions>
    </Filter>
    <Filter Include="소스 파일\Main">
      <UniqueIdentifier>{e9e405e2-a8c5-452d-9530-51c56bd3b49e}</UniqueIdentifier>
    </Filter>
    <Filter Include="소스 파일\Headers">
      <UniqueIdentifier>{e468674d-7b66-44da-b48f-3aac53fd14e0}</UniqueIdentifier>
    </Filter>
    <Filter Include="소스 파일\Headers\Garbage">
      <UniqueIdentifier>{ae18b8bb-d0b8-456c-a2f3-791b7e572f22}</UniqueIdentifier>
    </Filter>
    <Filter Include="소스 파일\Shaders">
      <UniqueIdentifier>{3ff20c64-5b32-4b76-a161-42c8d5185e4a}</UniqueIdentifier>
    </Filter>
    <Filter Include="소스 파일\Engine">
      <UniqueIdentifier>{4a6ce44b-2e16-4929-ae26-2070d25864ea}</UniqueIdentifier>
    </Filter>
    <Filter Include="소스 파일\Engine\Pipeline">
      <UniqueIdentifier>{cabfba8d-f868-4126-8896-7a59dcef29fb}</UniqueIdentifier>
    </Filter>
    <Filter Include="소스 파일\Engine\Pipeline\01.Geometry">
      <UniqueIdentifier>{67d8bc26-1247-4e1f-902c-155a959d7941}</UniqueIdentifier>
    </Filter>
    <Filter Include="소스 파일\Engine\Pipeline\02.InputAssembler">
      <UniqueIdentifier>{719341b5-fdaa-453e-8464-24962fb0ca60}</UniqueIdentifier>
    </Filter>
    <Filter Include="소스 파일\Engine\Pipeline\03.VertexShader">
      <UniqueIdentifier>{c0cdb142-da26-4715-8c4f-600e79cf89da}</UniqueIdentifier>
    </Filter>
    <Filter Include="소스 파일\Engine\Pipeline\04.Rasterizer">
      <UniqueIdentifier>{93fafb2a-5b31-4ff2-b61b-5b57f8a950e5}</UniqueIdentifier>
    </Filter>
    <Filter Include="소스 파일\Engine\Pipeline\05.PixelShader">
      <UniqueIdentifier>{b2947715-b3b0-425d-9df0-a7f670ee9ba5}</UniqueIdentifier>
    </Filter>
    <Filter Include="소스 파일\Engine\Pipeline\06.OuputMerger">
      <UniqueIdentifier>{989460c7-4945-4a3b-9fe6-1893b2cba517}</UniqueIdentifier>
    </Filter>
    <Filter Include="소스 파일\Utils">
      <UniqueIdentifier>{e065dff8-bc27-41be-8e46-6e487e9df39e}</UniqueIdentifier>
    </Filter>
    <Filter Include="소스 파일\Engine\GameObject">
      <UniqueIdentifier>{396f9b23-b05f-4b80-bd43-a99519bad5d6}</UniqueIdentifier>
    </Filter>
    <Filter Include="소스 파일\Engine\Component">
      <UniqueIdentifier>{a81575d6-1ff9-4131-bbc7-5b8e2c9ec4a4}</UniqueIdentifier>
    </Filter>
    <Filter Include="소스 파일\Engine\Component\Animation">
      <UniqueIdentifier>{5a329e96-6981-4a36-bea4-5f98a6ca8706}</UniqueIdentifier>
    </Filter>
    <Filter Include="소스 파일\Engine\Component\Camera">
      <UniqueIdentifier>{050e4d13-9ef5-4e30-9ae8-83bbdbc06e31}</UniqueIdentifier>
    </Filter>
    <Filter Include="소스 파일\Engine\Component\Rendering">
      <UniqueIdentifier>{44662ec2-1500-47c0-b397-06d939ecafa3}</UniqueIdentifier>
    </Filter>
    <Filter Include="소스 파일\Engine\Component\Transform">
      <UniqueIdentifier>{f160ab7d-9d49-42fb-a77b-92c832b0c71b}</UniqueIdentifier>
    </Filter>
    <Filter Include="소스 파일\Engine\Manager">
      <UniqueIdentifier>{99183460-64f5-409c-a0ae-c3580713132e}</UniqueIdentifier>
    </Filter>
    <Filter Include="소스 파일\Engine\Manager\Input">
      <UniqueIdentifier>{27c15611-ba47-47c0-974d-5079fb5a54f7}</UniqueIdentifier>
    </Filter>
    <Filter Include="소스 파일\Engine\Manager\Time">
      <UniqueIdentifier>{41a9cbc6-7119-4f4d-92b8-cb4e4f0e01fd}</UniqueIdentifier>
    </Filter>
    <Filter Include="소스 파일\Engine\Manager\Scene">
      <UniqueIdentifier>{b15a7f24-9f01-4800-81ac-33e2de4757eb}</UniqueIdentifier>
    </Filter>
    <Filter Include="소스 파일\Engine\Resource">
      <UniqueIdentifier>{5bacda07-701a-4070-bc72-d513d5d94e56}</UniqueIdentifier>
    </Filter>
    <Filter Include="소스 파일\Engine\Manager\Resource">
      <UniqueIdentifier>{c5a5b164-1750-4aee-a1a6-2bfa0e53e2fc}</UniqueIdentifier>
    </Filter>
    <Filter Include="소스 파일\Engine\Manager\Render">
      <UniqueIdentifier>{6741760e-3e78-428d-8845-9550c0a84df9}</UniqueIdentifier>
    </Filter>
  </ItemGroup>
  <ItemGroup>
    <ClInclude Include="GameWindow.h">
      <Filter>소스 파일\Main</Filter>
    </ClInclude>
    <ClInclude Include="framework.h">
      <Filter>소스 파일\Headers\Garbage</Filter>
    </ClInclude>
    <ClInclude Include="Resource.h">
      <Filter>소스 파일\Headers\Garbage</Filter>
    </ClInclude>
    <ClInclude Include="targetver.h">
      <Filter>소스 파일\Headers\Garbage</Filter>
    </ClInclude>
    <ClInclude Include="pch.h">
      <Filter>소스 파일\Headers</Filter>
    </ClInclude>
    <ClInclude Include="Values.h">
      <Filter>소스 파일\Headers</Filter>
    </ClInclude>
    <ClInclude Include="Struct.h">
      <Filter>소스 파일\Headers</Filter>
    </ClInclude>
    <ClInclude Include="Types.h">
      <Filter>소스 파일\Headers</Filter>
    </ClInclude>
    <ClInclude Include="SimpleMath.h">
      <Filter>소스 파일\Utils</Filter>
    </ClInclude>
    <ClInclude Include="Graphics.h">
      <Filter>소스 파일\Engine\Pipeline</Filter>
    </ClInclude>
    <ClInclude Include="Game.h">
      <Filter>소스 파일\Main</Filter>
    </ClInclude>
    <ClInclude Include="VertexBuffer.h">
      <Filter>소스 파일\Engine\Pipeline\02.InputAssembler</Filter>
    </ClInclude>
    <ClInclude Include="IndexBuffer.h">
      <Filter>소스 파일\Engine\Pipeline\02.InputAssembler</Filter>
    </ClInclude>
    <ClInclude Include="InputLayout.h">
      <Filter>소스 파일\Engine\Pipeline\02.InputAssembler</Filter>
    </ClInclude>
    <ClInclude Include="Geometry.h">
      <Filter>소스 파일\Engine\Pipeline\01.Geometry</Filter>
    </ClInclude>
    <ClInclude Include="GeometryHelper.h">
      <Filter>소스 파일\Engine\Pipeline\01.Geometry</Filter>
    </ClInclude>
    <ClInclude Include="VertexData.h">
      <Filter>소스 파일\Engine\Pipeline\01.Geometry</Filter>
    </ClInclude>
    <ClInclude Include="ShaderBase.h">
      <Filter>소스 파일\Engine\Pipeline</Filter>
    </ClInclude>
    <ClInclude Include="ConstantBuffer.h">
      <Filter>소스 파일\Engine\Pipeline\03.VertexShader</Filter>
    </ClInclude>
    <ClInclude Include="RasterizerState.h">
      <Filter>소스 파일\Engine\Pipeline\04.Rasterizer</Filter>
    </ClInclude>
    <ClInclude Include="SamplerState.h">
      <Filter>소스 파일\Engine\Pipeline\05.PixelShader</Filter>
    </ClInclude>
    <ClInclude Include="BlendState.h">
      <Filter>소스 파일\Engine\Pipeline\06.OuputMerger</Filter>
    </ClInclude>
    <ClInclude Include="Pipeline.h">
      <Filter>소스 파일\Engine\Pipeline</Filter>
    </ClInclude>
    <ClInclude Include="GameObject.h">
      <Filter>소스 파일\Engine\GameObject</Filter>
    </ClInclude>
    <ClInclude Include="Component.h">
      <Filter>소스 파일\Engine\Component</Filter>
    </ClInclude>
    <ClInclude Include="MonoBehaviour.h">
      <Filter>소스 파일\Engine\Component</Filter>
    </ClInclude>
    <ClInclude Include="Camera.h">
      <Filter>소스 파일\Engine\Component\Camera</Filter>
    </ClInclude>
    <ClInclude Include="MeshRenderer.h">
      <Filter>소스 파일\Engine\Component\Rendering</Filter>
    </ClInclude>
    <ClInclude Include="Transform.h">
      <Filter>소스 파일\Engine\Component\Transform</Filter>
    </ClInclude>
    <ClInclude Include="SceneManager.h">
      <Filter>소스 파일\Engine\Manager\Scene</Filter>
    </ClInclude>
    <ClInclude Include="Scene.h">
      <Filter>소스 파일\Engine\Manager\Scene</Filter>
    </ClInclude>
    <ClInclude Include="InputManager.h">
      <Filter>소스 파일\Engine\Manager\Input</Filter>
    </ClInclude>
    <ClInclude Include="TimeManager.h">
      <Filter>소스 파일\Engine\Manager\Time</Filter>
    </ClInclude>
    <ClInclude Include="ResourceManager.h">
      <Filter>소스 파일\Engine\Manager\Resource</Filter>
    </ClInclude>
    <ClInclude Include="Texture.h">
      <Filter>소스 파일\Engine\Resource</Filter>
    </ClInclude>
    <ClInclude Include="Shader.h">
      <Filter>소스 파일\Engine\Resource</Filter>
    </ClInclude>
    <ClInclude Include="Material.h">
      <Filter>소스 파일\Engine\Resource</Filter>
    </ClInclude>
    <ClInclude Include="Mesh.h">
      <Filter>소스 파일\Engine\Resource</Filter>
    </ClInclude>
    <ClInclude Include="Animation.h">
      <Filter>소스 파일\Engine\Resource</Filter>
    </ClInclude>
    <ClInclude Include="ResourceBase.h">
      <Filter>소스 파일\Engine\Resource</Filter>
    </ClInclude>
    <ClInclude Include="RenderManager.h">
      <Filter>소스 파일\Engine\Manager\Render</Filter>
    </ClInclude>
    <ClInclude Include="RenderHelper.h">
      <Filter>소스 파일\Engine\Manager\Render</Filter>
    </ClInclude>
  </ItemGroup>
  <ItemGroup>
    <ClCompile Include="GameWindow.cpp">
      <Filter>소스 파일\Main</Filter>
    </ClCompile>
    <ClCompile Include="pch.cpp">
      <Filter>소스 파일\Headers</Filter>
    </ClCompile>
    <ClCompile Include="SimpleMath.cpp">
      <Filter>소스 파일\Utils</Filter>
    </ClCompile>
    <ClCompile Include="Graphics.cpp">
      <Filter>소스 파일\Engine\Pipeline</Filter>
    </ClCompile>
    <ClCompile Include="Game.cpp">
      <Filter>소스 파일\Main</Filter>
    </ClCompile>
    <ClCompile Include="VertexBuffer.cpp">
      <Filter>소스 파일\Engine\Pipeline\02.InputAssembler</Filter>
    </ClCompile>
    <ClCompile Include="IndexBuffer.cpp">
      <Filter>소스 파일\Engine\Pipeline\02.InputAssembler</Filter>
    </ClCompile>
    <ClCompile Include="InputLayout.cpp">
      <Filter>소스 파일\Engine\Pipeline\02.InputAssembler</Filter>
    </ClCompile>
    <ClCompile Include="Geometry.cpp">
      <Filter>소스 파일\Engine\Pipeline\01.Geometry</Filter>
    </ClCompile>
    <ClCompile Include="GeometryHelper.cpp">
      <Filter>소스 파일\Engine\Pipeline\01.Geometry</Filter>
    </ClCompile>
    <ClCompile Include="VertexData.cpp">
      <Filter>소스 파일\Engine\Pipeline\01.Geometry</Filter>
    </ClCompile>
    <ClCompile Include="ShaderBase.cpp">
      <Filter>소스 파일\Engine\Pipeline</Filter>
    </ClCompile>
    <ClCompile Include="ConstantBuffer.cpp">
      <Filter>소스 파일\Engine\Pipeline\03.VertexShader</Filter>
    </ClCompile>
    <ClCompile Include="RasterizerState.cpp">
      <Filter>소스 파일\Engine\Pipeline\04.Rasterizer</Filter>
    </ClCompile>
    <ClCompile Include="SamplerState.cpp">
      <Filter>소스 파일\Engine\Pipeline\05.PixelShader</Filter>
    </ClCompile>
    <ClCompile Include="BlendState.cpp">
      <Filter>소스 파일\Engine\Pipeline\06.OuputMerger</Filter>
    </ClCompile>
    <ClCompile Include="Pipeline.cpp">
      <Filter>소스 파일\Engine\Pipeline</Filter>
    </ClCompile>
    <ClCompile Include="GameObject.cpp">
      <Filter>소스 파일\Engine\GameObject</Filter>
    </ClCompile>
    <ClCompile Include="Component.cpp">
      <Filter>소스 파일\Engine\Component</Filter>
    </ClCompile>
    <ClCompile Include="MonoBehaviour.cpp">
      <Filter>소스 파일\Engine\Component</Filter>
    </ClCompile>
    <ClCompile Include="Camera.cpp">
      <Filter>소스 파일\Engine\Component\Camera</Filter>
    </ClCompile>
    <ClCompile Include="MeshRenderer.cpp">
      <Filter>소스 파일\Engine\Component\Rendering</Filter>
    </ClCompile>
    <ClCompile Include="Transform.cpp">
      <Filter>소스 파일\Engine\Component\Transform</Filter>
    </ClCompile>
    <ClCompile Include="SceneManager.cpp">
      <Filter>소스 파일\Engine\Manager\Scene</Filter>
    </ClCompile>
    <ClCompile Include="Scene.cpp">
      <Filter>소스 파일\Engine\Manager\Scene</Filter>
    </ClCompile>
    <ClCompile Include="InputManager.cpp">
      <Filter>소스 파일\Engine\Manager\Input</Filter>
    </ClCompile>
    <ClCompile Include="TimeManager.cpp">
      <Filter>소스 파일\Engine\Manager\Time</Filter>
    </ClCompile>
    <ClCompile Include="ResourceManager.cpp">
      <Filter>소스 파일\Engine\Manager\Resource</Filter>
    </ClCompile>
    <ClCompile Include="Texture.cpp">
      <Filter>소스 파일\Engine\Resource</Filter>
    </ClCompile>
    <ClCompile Include="Shader.cpp">
      <Filter>소스 파일\Engine\Resource</Filter>
    </ClCompile>
    <ClCompile Include="Material.cpp">
      <Filter>소스 파일\Engine\Resource</Filter>
    </ClCompile>
    <ClCompile Include="Mesh.cpp">
      <Filter>소스 파일\Engine\Resource</Filter>
    </ClCompile>
    <ClCompile Include="Animation.cpp">
      <Filter>소스 파일\Engine\Resource</Filter>
    </ClCompile>
    <ClCompile Include="ResourceBase.cpp">
      <Filter>소스 파일\Engine\Resource</Filter>
    </ClCompile>
    <ClCompile Include="RenderManager.cpp">
      <Filter>소스 파일\Engine\Manager\Render</Filter>
    </ClCompile>
    <ClCompile Include="RenderHelper.cpp">
      <Filter>소스 파일\Engine\Manager\Render</Filter>
    </ClCompile>
  </ItemGroup>
  <ItemGroup>
    <None Include="SimpleMath.inl">
      <Filter>소스 파일\Utils</Filter>
    </None>
  </ItemGroup>
  <ItemGroup>
    <FxCompile Include="..\..\Resources\Shader\Default.hlsl">
      <Filter>소스 파일\Shaders</Filter>
    </FxCompile>
    <FxCompile Include="..\..\Resources\Shader\Color.hlsl">
      <Filter>소스 파일\Shaders</Filter>
    </FxCompile>
  </ItemGroup>
</Project>