<?xml version="1.0" encoding="utf-8"?>
<Project ToolsVersion="4.0" xmlns="http://schemas.microsoft.com/developer/msbuild/2003">
  <ItemGroup>
    <Filter Include="소스 파일">
      <UniqueIdentifier>{4FC737F1-C7A5-4376-A066-2A32D752A2FF}</UniqueIdentifier>
      <Extensions>cpp;c;cc;cxx;c++;cppm;ixx;def;odl;idl;hpj;bat;asm;asmx</Extensions>
    </Filter>
    <Filter Include="리소스 파일">
      <UniqueIdentifier>{67DA6AB6-F800-4c08-8B7A-83BB121AAD01}</UniqueIdentifier>
      <Extensions>rc;ico;cur;bmp;dlg;rc2;rct;bin;rgs;gif;jpg;jpeg;jpe;resx;tiff;tif;png;wav;mfcribbon-ms</Extensions>
    </Filter>
    <Filter Include="소스 파일\Main">
      <UniqueIdentifier>{e9e405e2-a8c5-452d-9530-51c56bd3b49e}</UniqueIdentifier>
    </Filter>
    <Filter Include="소스 파일\Headers">
      <UniqueIdentifier>{e468674d-7b66-44da-b48f-3aac53fd14e0}</UniqueIdentifier>
    </Filter>
    <Filter Include="소스 파일\Headers\Garbage">
      <UniqueIdentifier>{ae18b8bb-d0b8-456c-a2f3-791b7e572f22}</UniqueIdentifier>
    </Filter>
    <Filter Include="소스 파일\Shaders">
      <UniqueIdentifier>{3ff20c64-5b32-4b76-a161-42c8d5185e4a}</UniqueIdentifier>
    </Filter>
    <Filter Include="소스 파일\Engine">
      <UniqueIdentifier>{4a6ce44b-2e16-4929-ae26-2070d25864ea}</UniqueIdentifier>
    </Filter>
    <Filter Include="소스 파일\Engine\Pipeline">
      <UniqueIdentifier>{cabfba8d-f868-4126-8896-7a59dcef29fb}</UniqueIdentifier>
    </Filter>
    <Filter Include="소스 파일\Engine\Pipeline\01.Geometry">
      <UniqueIdentifier>{67d8bc26-1247-4e1f-902c-155a959d7941}</UniqueIdentifier>
    </Filter>
    <Filter Include="소스 파일\Engine\Pipeline\02.InputAssembler">
      <UniqueIdentifier>{719341b5-fdaa-453e-8464-24962fb0ca60}</UniqueIdentifier>
    </Filter>
    <Filter Include="소스 파일\Engine\Pipeline\03.VertexShader">
      <UniqueIdentifier>{c0cdb142-da26-4715-8c4f-600e79cf89da}</UniqueIdentifier>
    </Filter>
    <Filter Include="소스 파일\Engine\Pipeline\04.Rasterizer">
      <UniqueIdentifier>{93fafb2a-5b31-4ff2-b61b-5b57f8a950e5}</UniqueIdentifier>
    </Filter>
    <Filter Include="소스 파일\Engine\Pipeline\05.PixelShader">
      <UniqueIdentifier>{b2947715-b3b0-425d-9df0-a7f670ee9ba5}</UniqueIdentifier>
    </Filter>
    <Filter Include="소스 파일\Engine\Pipeline\06.OuputMerger">
      <UniqueIdentifier>{989460c7-4945-4a3b-9fe6-1893b2cba517}</UniqueIdentifier>
    </Filter>
    <Filter Include="소스 파일\Utils">
      <UniqueIdentifier>{e065dff8-bc27-41be-8e46-6e487e9df39e}</UniqueIdentifier>
    </Filter>
    <Filter Include="소스 파일\Engine\GameObject">
      <UniqueIdentifier>{396f9b23-b05f-4b80-bd43-a99519bad5d6}</UniqueIdentifier>
    </Filter>
  </ItemGroup>
  <ItemGroup>
    <ClInclude Include="GameWindow.h">
      <Filter>소스 파일\Main</Filter>
    </ClInclude>
    <ClInclude Include="framework.h">
      <Filter>소스 파일\Headers\Garbage</Filter>
    </ClInclude>
    <ClInclude Include="Resource.h">
      <Filter>소스 파일\Headers\Garbage</Filter>
    </ClInclude>
    <ClInclude Include="targetver.h">
      <Filter>소스 파일\Headers\Garbage</Filter>
    </ClInclude>
    <ClInclude Include="pch.h">
      <Filter>소스 파일\Headers</Filter>
    </ClInclude>
    <ClInclude Include="Values.h">
      <Filter>소스 파일\Headers</Filter>
    </ClInclude>
    <ClInclude Include="Struct.h">
      <Filter>소스 파일\Headers</Filter>
    </ClInclude>
    <ClInclude Include="Types.h">
      <Filter>소스 파일\Headers</Filter>
    </ClInclude>
    <ClInclude Include="SimpleMath.h">
      <Filter>소스 파일\Utils</Filter>
    </ClInclude>
    <ClInclude Include="Graphics.h">
      <Filter>소스 파일\Engine\Pipeline</Filter>
    </ClInclude>
    <ClInclude Include="Game.h">
      <Filter>소스 파일\Main</Filter>
    </ClInclude>
    <ClInclude Include="VertexBuffer.h">
      <Filter>소스 파일\Engine\Pipeline\02.InputAssembler</Filter>
    </ClInclude>
    <ClInclude Include="IndexBuffer.h">
      <Filter>소스 파일\Engine\Pipeline\02.InputAssembler</Filter>
    </ClInclude>
    <ClInclude Include="InputLayout.h">
      <Filter>소스 파일\Engine\Pipeline\02.InputAssembler</Filter>
    </ClInclude>
    <ClInclude Include="Geometry.h">
      <Filter>소스 파일\Engine\Pipeline\01.Geometry</Filter>
    </ClInclude>
    <ClInclude Include="GeometryHelper.h">
      <Filter>소스 파일\Engine\Pipeline\01.Geometry</Filter>
    </ClInclude>
    <ClInclude Include="VertexData.h">
      <Filter>소스 파일\Engine\Pipeline\01.Geometry</Filter>
    </ClInclude>
    <ClInclude Include="Shader.h">
      <Filter>소스 파일\Engine\Pipeline</Filter>
    </ClInclude>
    <ClInclude Include="ConstantBuffer.h">
      <Filter>소스 파일\Engine\Pipeline\03.VertexShader</Filter>
    </ClInclude>
    <ClInclude Include="Texture.h">
      <Filter>소스 파일\Engine\Pipeline\05.PixelShader</Filter>
    </ClInclude>
    <ClInclude Include="RasterizerState.h">
      <Filter>소스 파일\Engine\Pipeline\04.Rasterizer</Filter>
    </ClInclude>
    <ClInclude Include="SamplerState.h">
      <Filter>소스 파일\Engine\Pipeline\05.PixelShader</Filter>
    </ClInclude>
    <ClInclude Include="BlendState.h">
      <Filter>소스 파일\Engine\Pipeline\06.OuputMerger</Filter>
    </ClInclude>
    <ClInclude Include="Pipeline.h">
      <Filter>소스 파일\Engine\Pipeline</Filter>
    </ClInclude>
  </ItemGroup>
  <ItemGroup>
    <ClCompile Include="GameWindow.cpp">
      <Filter>소스 파일\Main</Filter>
    </ClCompile>
    <ClCompile Include="pch.cpp">
      <Filter>소스 파일\Headers</Filter>
    </ClCompile>
    <ClCompile Include="SimpleMath.cpp">
      <Filter>소스 파일\Utils</Filter>
    </ClCompile>
    <ClCompile Include="Graphics.cpp">
      <Filter>소스 파일\Engine\Pipeline</Filter>
    </ClCompile>
    <ClCompile Include="Game.cpp">
      <Filter>소스 파일\Main</Filter>
    </ClCompile>
    <ClCompile Include="VertexBuffer.cpp">
      <Filter>소스 파일\Engine\Pipeline\02.InputAssembler</Filter>
    </ClCompile>
    <ClCompile Include="IndexBuffer.cpp">
      <Filter>소스 파일\Engine\Pipeline\02.InputAssembler</Filter>
    </ClCompile>
    <ClCompile Include="InputLayout.cpp">
      <Filter>소스 파일\Engine\Pipeline\02.InputAssembler</Filter>
    </ClCompile>
    <ClCompile Include="Geometry.cpp">
      <Filter>소스 파일\Engine\Pipeline\01.Geometry</Filter>
    </ClCompile>
    <ClCompile Include="GeometryHelper.cpp">
      <Filter>소스 파일\Engine\Pipeline\01.Geometry</Filter>
    </ClCompile>
    <ClCompile Include="VertexData.cpp">
      <Filter>소스 파일\Engine\Pipeline\01.Geometry</Filter>
    </ClCompile>
    <ClCompile Include="Shader.cpp">
      <Filter>소스 파일\Engine\Pipeline</Filter>
    </ClCompile>
    <ClCompile Include="ConstantBuffer.cpp">
      <Filter>소스 파일\Engine\Pipeline\03.VertexShader</Filter>
    </ClCompile>
    <ClCompile Include="Texture.cpp">
      <Filter>소스 파일\Engine\Pipeline\05.PixelShader</Filter>
    </ClCompile>
    <ClCompile Include="RasterizerState.cpp">
      <Filter>소스 파일\Engine\Pipeline\04.Rasterizer</Filter>
    </ClCompile>
    <ClCompile Include="SamplerState.cpp">
      <Filter>소스 파일\Engine\Pipeline\05.PixelShader</Filter>
    </ClCompile>
    <ClCompile Include="BlendState.cpp">
      <Filter>소스 파일\Engine\Pipeline\06.OuputMerger</Filter>
    </ClCompile>
    <ClCompile Include="Pipeline.cpp">
      <Filter>소스 파일\Engine\Pipeline</Filter>
    </ClCompile>
  </ItemGroup>
  <ItemGroup>
    <None Include="SimpleMath.inl">
      <Filter>소스 파일\Utils</Filter>
    </None>
  </ItemGroup>
  <ItemGroup>
    <FxCompile Include="Default.hlsl">
      <Filter>소스 파일\Shaders</Filter>
    </FxCompile>
  </ItemGroup>
</Project>