<?xml version="1.0" encoding="utf-8"?>
<Project ToolsVersion="4.0" xmlns="http://schemas.microsoft.com/developer/msbuild/2003">
  <ItemGroup>
    <Filter Include="Shader">
      <UniqueIdentifier>{0a28282c-0757-44fe-baa6-bbea25cf8758}</UniqueIdentifier>
    </Filter>
    <Filter Include="Scripts">
      <UniqueIdentifier>{97dd4543-e9fb-4c69-99b2-3f1a47ff2b7f}</UniqueIdentifier>
    </Filter>
    <Filter Include="Shader\Common">
      <UniqueIdentifier>{4904ac4c-625f-4ee6-ba61-49fa53553672}</UniqueIdentifier>
    </Filter>
    <Filter Include="Main">
      <UniqueIdentifier>{9f76e7fd-580b-4b0a-bb5d-465eb85be5e6}</UniqueIdentifier>
    </Filter>
    <Filter Include="Scripts\Component">
      <UniqueIdentifier>{a9bcc220-f2c3-429f-ab45-248cc26ddb81}</UniqueIdentifier>
    </Filter>
    <Filter Include="Network">
      <UniqueIdentifier>{69604ea8-069e-4b22-82db-f69b1a90b75d}</UniqueIdentifier>
    </Filter>
  </ItemGroup>
  <ItemGroup>
    <ClCompile Include="pch.cpp">
      <Filter>Main</Filter>
    </ClCompile>
    <ClCompile Include="main.cpp">
      <Filter>Main</Filter>
    </ClCompile>
    <ClCompile Include="Demo.cpp">
      <Filter>Main</Filter>
    </ClCompile>
    <ClCompile Include="CameraMove.cpp">
      <Filter>Scripts\Component</Filter>
    </ClCompile>
    <ClCompile Include="Character.cpp" />
    <ClCompile Include="Monster.cpp" />
    <ClCompile Include="Player.cpp" />
    <ClCompile Include="SpawnManager.cpp" />
    <ClCompile Include="ClientPacketHandler.cpp">
      <Filter>Network</Filter>
    </ClCompile>
  </ItemGroup>
  <ItemGroup>
    <ClInclude Include="pch.h">
      <Filter>Main</Filter>
    </ClInclude>
    <ClInclude Include="main.h">
      <Filter>Main</Filter>
    </ClInclude>
    <ClInclude Include="Demo.h">
      <Filter>Main</Filter>
    </ClInclude>
    <ClInclude Include="CameraMove.h">
      <Filter>Scripts\Component</Filter>
    </ClInclude>
    <ClInclude Include="Character.h" />
    <ClInclude Include="Monster.h" />
    <ClInclude Include="Player.h" />
    <ClInclude Include="SpawnManager.h" />
    <ClInclude Include="ClientPacketHandler.h">
      <Filter>Network</Filter>
    </ClInclude>
    <ClInclude Include="ServerSession.h">
      <Filter>Network</Filter>
    </ClInclude>
  </ItemGroup>
  <ItemGroup>
    <FxCompile Include="..\..\Resources\Shader\Global.fx">
      <Filter>Shader\Common</Filter>
    </FxCompile>
    <FxCompile Include="..\..\Resources\Shader\Light.fx">
      <Filter>Shader\Common</Filter>
    </FxCompile>
    <FxCompile Include="..\..\Resources\Shader\TweenAnimation.fx">
      <Filter>Shader</Filter>
    </FxCompile>
    <FxCompile Include="..\..\Resources\Shader\GameTerrain.fx">
      <Filter>Shader</Filter>
    </FxCompile>
    <FxCompile Include="..\..\Resources\Shader\Instancing.fx">
      <Filter>Shader</Filter>
    </FxCompile>
    <FxCompile Include="..\..\Resources\Shader\Render.fx">
      <Filter>Shader\Common</Filter>
    </FxCompile>
  </ItemGroup>
</Project>