<?xml version="1.0" encoding="utf-8"?>
<Project ToolsVersion="4.0" xmlns="http://schemas.microsoft.com/developer/msbuild/2003">
  <ItemGroup>
    <Filter Include="Shader">
      <UniqueIdentifier>{0a28282c-0757-44fe-baa6-bbea25cf8758}</UniqueIdentifier>
    </Filter>
    <Filter Include="Scripts">
      <UniqueIdentifier>{97dd4543-e9fb-4c69-99b2-3f1a47ff2b7f}</UniqueIdentifier>
    </Filter>
    <Filter Include="Shader\Common">
      <UniqueIdentifier>{4904ac4c-625f-4ee6-ba61-49fa53553672}</UniqueIdentifier>
    </Filter>
    <Filter Include="Main">
      <UniqueIdentifier>{9f76e7fd-580b-4b0a-bb5d-465eb85be5e6}</UniqueIdentifier>
    </Filter>
    <Filter Include="Scripts\Component">
      <UniqueIdentifier>{a9bcc220-f2c3-429f-ab45-248cc26ddb81}</UniqueIdentifier>
    </Filter>
    <Filter Include="Network">
      <UniqueIdentifier>{69604ea8-069e-4b22-82db-f69b1a90b75d}</UniqueIdentifier>
    </Filter>
    <Filter Include="Scripts\GameObject">
      <UniqueIdentifier>{45e30557-44d4-4c20-aed9-e53ffd6c3370}</UniqueIdentifier>
    </Filter>
    <Filter Include="Scene">
      <UniqueIdentifier>{f75b717a-d2ea-4643-b65f-3bdc98c976d2}</UniqueIdentifier>
    </Filter>
  </ItemGroup>
  <ItemGroup>
    <ClCompile Include="pch.cpp">
      <Filter>Main</Filter>
    </ClCompile>
    <ClCompile Include="main.cpp">
      <Filter>Main</Filter>
    </ClCompile>
    <ClCompile Include="Demo.cpp">
      <Filter>Main</Filter>
    </ClCompile>
    <ClCompile Include="CameraMove.cpp">
      <Filter>Scripts\Component</Filter>
    </ClCompile>
    <ClCompile Include="ClientPacketHandler.cpp">
      <Filter>Network</Filter>
    </ClCompile>
    <ClCompile Include="LavaFlow.cpp" />
    <ClCompile Include="LayerSplatter.cpp" />
    <ClCompile Include="QuadTreeBlock.cpp" />
    <ClCompile Include="Skybox.cpp" />
    <ClCompile Include="StruectedLavaSprite.cpp" />
    <ClCompile Include="Character.cpp">
      <Filter>Scripts\GameObject</Filter>
    </ClCompile>
    <ClCompile Include="Monster.cpp">
      <Filter>Scripts\GameObject</Filter>
    </ClCompile>
    <ClCompile Include="Player.cpp">
      <Filter>Scripts\GameObject</Filter>
    </ClCompile>
    <ClCompile Include="SpawnManager.cpp">
      <Filter>Scripts\GameObject</Filter>
    </ClCompile>
    <ClCompile Include="BaseScene.cpp">
      <Filter>Scene</Filter>
    </ClCompile>
    <ClCompile Include="ObjectExporter.cpp">
      <Filter>Scripts</Filter>
    </ClCompile>
    <ClCompile Include="StructList.cpp">
      <Filter>Scripts</Filter>
    </ClCompile>
    <ClCompile Include="DungeonScene.cpp">
      <Filter>Scene</Filter>
    </ClCompile>
    <ClCompile Include="ManagerCleaner.cpp">
      <Filter>Main</Filter>
    </ClCompile>
    <ClCompile Include="DamageIndicator.cpp" />
  </ItemGroup>
  <ItemGroup>
    <ClInclude Include="pch.h">
      <Filter>Main</Filter>
    </ClInclude>
    <ClInclude Include="main.h">
      <Filter>Main</Filter>
    </ClInclude>
    <ClInclude Include="Demo.h">
      <Filter>Main</Filter>
    </ClInclude>
    <ClInclude Include="CameraMove.h">
      <Filter>Scripts\Component</Filter>
    </ClInclude>
    <ClInclude Include="ClientPacketHandler.h">
      <Filter>Network</Filter>
    </ClInclude>
    <ClInclude Include="ServerSession.h">
      <Filter>Network</Filter>
    </ClInclude>
    <ClInclude Include="LavaFlow.h" />
    <ClInclude Include="LayerSplatter.h" />
    <ClInclude Include="QuadTreeBlock.h" />
    <ClInclude Include="Skybox.h" />
    <ClInclude Include="StruectedLavaSprite.h" />
    <ClInclude Include="Character.h">
      <Filter>Scripts\GameObject</Filter>
    </ClInclude>
    <ClInclude Include="Monster.h">
      <Filter>Scripts\GameObject</Filter>
    </ClInclude>
    <ClInclude Include="Player.h">
      <Filter>Scripts\GameObject</Filter>
    </ClInclude>
    <ClInclude Include="SpawnManager.h">
      <Filter>Scripts\GameObject</Filter>
    </ClInclude>
    <ClInclude Include="BaseScene.h">
      <Filter>Scene</Filter>
    </ClInclude>
    <ClInclude Include="StructList.h">
      <Filter>Scripts</Filter>
    </ClInclude>
    <ClInclude Include="ObjectExporter.h">
      <Filter>Scripts</Filter>
    </ClInclude>
    <ClInclude Include="DungeonScene.h">
      <Filter>Scene</Filter>
    </ClInclude>
    <ClInclude Include="ManagerCleaner.h">
      <Filter>Main</Filter>
    </ClInclude>
    <ClInclude Include="DamageIndicator.h" />
  </ItemGroup>
  <ItemGroup>
    <FxCompile Include="..\..\Resources\Shader\Global.fx">
      <Filter>Shader\Common</Filter>
    </FxCompile>
    <FxCompile Include="..\..\Resources\Shader\Light.fx">
      <Filter>Shader\Common</Filter>
    </FxCompile>
    <FxCompile Include="..\..\Resources\Shader\TweenAnimation.fx">
      <Filter>Shader</Filter>
    </FxCompile>
    <FxCompile Include="..\..\Resources\Shader\GameTerrain.fx">
      <Filter>Shader</Filter>
    </FxCompile>
    <FxCompile Include="..\..\Resources\Shader\Instancing.fx">
      <Filter>Shader</Filter>
    </FxCompile>
    <FxCompile Include="..\..\Resources\Shader\Render.fx">
      <Filter>Shader\Common</Filter>
    </FxCompile>
    <FxCompile Include="..\..\Resources\Shader\Damage.fx">
      <Filter>Shader</Filter>
    </FxCompile>
  </ItemGroup>
</Project>